{
  "name": "scraper",
  "version": "1.0.0",
  "lockfileVersion": 2,
  "requires": true,
  "packages": {
    "": {
      "name": "scraper",
      "version": "1.0.0",
      "license": "MIT",
      "dependencies": {
        "@json2csv/plainjs": "^6.1.2",
        "axios": "^1.3.4",
        "csv-parse": "^5.3.5",
        "parse-markdown-table": "^0.0.6"
      }
    },
    "node_modules/@babel/runtime": {
      "version": "7.21.0",
      "resolved": "https://registry.npmjs.org/@babel/runtime/-/runtime-7.21.0.tgz",
      "integrity": "sha512-xwII0//EObnq89Ji5AKYQaRYiW/nZ3llSv29d49IuxPhKbtJoLP+9QUUZ4nVragQVtaVGeZrpB+ZtG/Pdy/POw==",
      "dependencies": {
        "regenerator-runtime": "^0.13.11"
      },
      "engines": {
        "node": ">=6.9.0"
      }
    },
    "node_modules/@babel/runtime-corejs2": {
      "version": "7.21.0",
      "resolved": "https://registry.npmjs.org/@babel/runtime-corejs2/-/runtime-corejs2-7.21.0.tgz",
      "integrity": "sha512-hVFDLYkuthnvQwWoOniPSq+RWyQTiimVdMXQJujoiSX8maFh/62+qRImGkRpeRflsVXXSMFS4HgNe3X9fuw5ww==",
      "dependencies": {
        "core-js": "^2.6.12",
        "regenerator-runtime": "^0.13.11"
      },
      "engines": {
        "node": ">=6.9.0"
      }
    },
    "node_modules/@json2csv/formatters": {
      "version": "6.1.2",
      "resolved": "https://registry.npmjs.org/@json2csv/formatters/-/formatters-6.1.2.tgz",
      "integrity": "sha512-l8i5EdQvHZHrtSgRFEXMkRnIn8CBopT/ecZSIyPKuee9+pm/Sxcb/r/N2jQWARnOQc7uyqQWAtpPpxU7HhZ2tg=="
    },
    "node_modules/@json2csv/plainjs": {
      "version": "6.1.2",
      "resolved": "https://registry.npmjs.org/@json2csv/plainjs/-/plainjs-6.1.2.tgz",
      "integrity": "sha512-XNcBd6W4G5mlP6ZL13idEx21diQAM5AJgIe78RxRfZctWRppaZrtpiGTzhc/sNv7UM1FpfO/aa5wel4+aQW7MQ==",
      "dependencies": {
        "@json2csv/formatters": "^6.1.2",
        "@streamparser/json": "^0.0.10",
        "lodash.get": "^4.4.2"
      }
    },
    "node_modules/@streamparser/json": {
      "version": "0.0.10",
      "resolved": "https://registry.npmjs.org/@streamparser/json/-/json-0.0.10.tgz",
      "integrity": "sha512-juqNFdqqmY/nvsODq1Vba7PWIaqr01VcqICIrxbws97QKSQhQUMml8FqdHLmevwVpqH39H5mVXKFWiWCi1ke0w=="
    },
    "node_modules/@types/node": {
      "version": "14.18.37",
      "resolved": "https://registry.npmjs.org/@types/node/-/node-14.18.37.tgz",
      "integrity": "sha512-7GgtHCs/QZrBrDzgIJnQtuSvhFSwhyYSI2uafSwZoNt1iOGhEN5fwNrQMjtONyHm9+/LoA4453jH0CMYcr06Pg=="
    },
    "node_modules/advanced-map-base": {
      "version": "0.0.4",
      "resolved": "https://registry.npmjs.org/advanced-map-base/-/advanced-map-base-0.0.4.tgz",
      "integrity": "sha512-auTlMKEPMll9I6InsV7XNbDRfTra8u9kBd73/rSe0VuzYFFyAU5mb41wpV8Urs/1CYb+ysE+FetN6zRxfhC0EQ==",
      "dependencies": {
        "@types/node": "^13.1.6",
        "advanced-map-types": "^0.0.4",
        "tslib": "^1.10.0",
        "typescript-miscellaneous": "^0.1.1"
      },
      "engines": {
        "node": ">= 8.9.0"
      }
    },
    "node_modules/advanced-map-base/node_modules/@types/node": {
      "version": "13.13.52",
      "resolved": "https://registry.npmjs.org/@types/node/-/node-13.13.52.tgz",
      "integrity": "sha512-s3nugnZumCC//n4moGGe6tkNMyYEdaDBitVjwPxXmR5lnMG5dHePinH2EdxkG3Rh1ghFHHixAG4NJhpJW1rthQ=="
    },
    "node_modules/advanced-map-base/node_modules/tslib": {
      "version": "1.14.1",
      "resolved": "https://registry.npmjs.org/tslib/-/tslib-1.14.1.tgz",
      "integrity": "sha512-Xni35NKzjgMrwevysHTCArtLDpPvye8zV/0E4EyYn43P7/7qvQwPh9BGkHewbMulVntbigmcT7rdX3BNo9wRJg=="
    },
    "node_modules/advanced-map-initialized": {
      "version": "0.0.4",
      "resolved": "https://registry.npmjs.org/advanced-map-initialized/-/advanced-map-initialized-0.0.4.tgz",
      "integrity": "sha512-mvPQ6Q1ZwUZ3Uwseh/8jog/PC2E6OmmpUYir5+eGkBw0eoMYAF880qYL1NTIS9k5jW1NExyV2ADoqVLzZ4pePA==",
      "dependencies": {
        "@types/node": "^13.1.6",
        "advanced-map-base": "^0.0.4",
        "advanced-map-types": "^0.0.4",
        "tslib": "^1.10.0"
      },
      "engines": {
        "node": ">= 8.9.0"
      }
    },
    "node_modules/advanced-map-initialized/node_modules/@types/node": {
      "version": "13.13.52",
      "resolved": "https://registry.npmjs.org/@types/node/-/node-13.13.52.tgz",
      "integrity": "sha512-s3nugnZumCC//n4moGGe6tkNMyYEdaDBitVjwPxXmR5lnMG5dHePinH2EdxkG3Rh1ghFHHixAG4NJhpJW1rthQ=="
    },
    "node_modules/advanced-map-initialized/node_modules/tslib": {
      "version": "1.14.1",
      "resolved": "https://registry.npmjs.org/tslib/-/tslib-1.14.1.tgz",
      "integrity": "sha512-Xni35NKzjgMrwevysHTCArtLDpPvye8zV/0E4EyYn43P7/7qvQwPh9BGkHewbMulVntbigmcT7rdX3BNo9wRJg=="
    },
    "node_modules/advanced-map-types": {
      "version": "0.0.4",
      "resolved": "https://registry.npmjs.org/advanced-map-types/-/advanced-map-types-0.0.4.tgz",
      "integrity": "sha512-1z2ags9Y3SbsvRBsANA60J8HGfWeEOnrFwavN72EIQVCt/iFB6fujjvf8dwER7Xpo7tttPfxWxnLnvCiFHU7hA==",
      "dependencies": {
        "@types/node": "^13.1.6",
        "tslib": "^1.10.0",
        "typescript-miscellaneous": "^0.1.1"
      },
      "engines": {
        "node": ">= 8.9.0"
      }
    },
    "node_modules/advanced-map-types/node_modules/@types/node": {
      "version": "13.13.52",
      "resolved": "https://registry.npmjs.org/@types/node/-/node-13.13.52.tgz",
      "integrity": "sha512-s3nugnZumCC//n4moGGe6tkNMyYEdaDBitVjwPxXmR5lnMG5dHePinH2EdxkG3Rh1ghFHHixAG4NJhpJW1rthQ=="
    },
    "node_modules/advanced-map-types/node_modules/tslib": {
      "version": "1.14.1",
      "resolved": "https://registry.npmjs.org/tslib/-/tslib-1.14.1.tgz",
      "integrity": "sha512-Xni35NKzjgMrwevysHTCArtLDpPvye8zV/0E4EyYn43P7/7qvQwPh9BGkHewbMulVntbigmcT7rdX3BNo9wRJg=="
    },
    "node_modules/asynckit": {
      "version": "0.4.0",
      "resolved": "https://registry.npmjs.org/asynckit/-/asynckit-0.4.0.tgz",
      "integrity": "sha512-Oei9OH4tRh0YqU3GxhX79dM/mwVgvbZJaSNaRk+bshkj0S5cfHcgYakreBjrHwatXKbz+IoIdYLxrKim2MjW0Q=="
    },
    "node_modules/axios": {
      "version": "1.3.4",
      "resolved": "https://registry.npmjs.org/axios/-/axios-1.3.4.tgz",
      "integrity": "sha512-toYm+Bsyl6VC5wSkfkbbNB6ROv7KY93PEBBL6xyDczaIHasAiv4wPqQ/c4RjoQzipxRD2W5g21cOqQulZ7rHwQ==",
      "dependencies": {
        "follow-redirects": "^1.15.0",
        "form-data": "^4.0.0",
        "proxy-from-env": "^1.1.0"
      }
    },
    "node_modules/combined-stream": {
      "version": "1.0.8",
      "resolved": "https://registry.npmjs.org/combined-stream/-/combined-stream-1.0.8.tgz",
      "integrity": "sha512-FQN4MRfuJeHf7cBbBMJFXhKSDq+2kAArBlmRBvcvFE5BB1HZKXtSFASDhdlz9zOYwxh8lDdnvmMOe/+5cdoEdg==",
      "dependencies": {
        "delayed-stream": "~1.0.0"
      },
      "engines": {
        "node": ">= 0.8"
      }
    },
    "node_modules/core-js": {
      "version": "2.6.12",
      "resolved": "https://registry.npmjs.org/core-js/-/core-js-2.6.12.tgz",
      "integrity": "sha512-Kb2wC0fvsWfQrgk8HU5lW6U/Lcs8+9aaYcy4ZFc6DDlo4nZ7n70dEgE5rtR0oG6ufKDUnrwfWL1mXR5ljDatrQ==",
      "deprecated": "core-js@<3.23.3 is no longer maintained and not recommended for usage due to the number of issues. Because of the V8 engine whims, feature detection in old core-js versions could cause a slowdown up to 100x even if nothing is polyfilled. Some versions have web compatibility issues. Please, upgrade your dependencies to the actual version of core-js.",
      "hasInstallScript": true
    },
    "node_modules/csv-parse": {
      "version": "5.3.5",
      "resolved": "https://registry.npmjs.org/csv-parse/-/csv-parse-5.3.5.tgz",
      "integrity": "sha512-8O5KTIRtwmtD3+EVfW6BCgbwZqJbhTYsQZry12F1TP5RUp0sD9tp1UnCWic3n0mLOhzeocYaCZNYxOGSg3dmmQ=="
    },
    "node_modules/delayed-stream": {
      "version": "1.0.0",
      "resolved": "https://registry.npmjs.org/delayed-stream/-/delayed-stream-1.0.0.tgz",
      "integrity": "sha512-ZySD7Nf91aLB0RxL4KGrKHBXl7Eds1DAmEdcoVawXnLD7SDhpNgtuII2aAkg7a7QS41jxPSZ17p4VdGnMHk3MQ==",
      "engines": {
        "node": ">=0.4.0"
      }
    },
    "node_modules/dequeue": {
      "version": "1.0.5",
      "resolved": "https://registry.npmjs.org/dequeue/-/dequeue-1.0.5.tgz",
      "integrity": "sha512-2FIVJZTaWhUj0Y2uKmDAasTP6ZwFWRjkRc01MYN5jFm96iIzkYyNzGADfJ13C5W7CTN7XO9mBYDcVB68eNybBA==",
      "engines": {
        "node": "*"
      }
    },
    "node_modules/follow-redirects": {
      "version": "1.15.2",
      "resolved": "https://registry.npmjs.org/follow-redirects/-/follow-redirects-1.15.2.tgz",
      "integrity": "sha512-VQLG33o04KaQ8uYi2tVNbdrWp1QWxNNea+nmIB4EVM28v0hmP17z7aG1+wAkNzVq4KeXTq3221ye5qTJP91JwA==",
      "funding": [
        {
          "type": "individual",
          "url": "https://github.com/sponsors/RubenVerborgh"
        }
      ],
      "engines": {
        "node": ">=4.0"
      },
      "peerDependenciesMeta": {
        "debug": {
          "optional": true
        }
      }
    },
    "node_modules/form-data": {
      "version": "4.0.0",
      "resolved": "https://registry.npmjs.org/form-data/-/form-data-4.0.0.tgz",
      "integrity": "sha512-ETEklSGi5t0QMZuiXoA/Q6vcnxcLQP5vdugSpuAyi6SVGi2clPPp+xgEhuMaHC+zGgn31Kd235W35f7Hykkaww==",
      "dependencies": {
        "asynckit": "^0.4.0",
        "combined-stream": "^1.0.8",
        "mime-types": "^2.1.12"
      },
      "engines": {
        "node": ">= 6"
      }
    },
    "node_modules/iter-tools": {
      "version": "6.2.6",
      "resolved": "https://registry.npmjs.org/iter-tools/-/iter-tools-6.2.6.tgz",
      "integrity": "sha512-DlBSv7cIrM214wYFxyz4vg98BmEpxFTGx37ei/ktYT05shJHoDwz7wuaPx3XhaJi1uGEc5bM+vUBWhm3z6yNIg==",
      "dependencies": {
        "@babel/runtime": "^7.0.0",
        "@babel/runtime-corejs2": "^7.1.5",
        "dequeue": "^1.0.5",
        "little-ds-toolkit": "^1.1.0",
        "typescript-tuple": "^2.1.0",
        "typescript-union": "^0.1.0",
        "utility-types": "^3.2.1"
      }
    },
    "node_modules/little-ds-toolkit": {
      "version": "1.1.1",
      "resolved": "https://registry.npmjs.org/little-ds-toolkit/-/little-ds-toolkit-1.1.1.tgz",
      "integrity": "sha512-Zl5flhnd5W6nhRCyoL1bNlU8M5CWFp6SItMmK4pj39LKgzQD7LGg591OJ0jwDKat7mjHvJVkOyJT+BXOQH4iXw=="
    },
    "node_modules/lodash.get": {
      "version": "4.4.2",
      "resolved": "https://registry.npmjs.org/lodash.get/-/lodash.get-4.4.2.tgz",
      "integrity": "sha512-z+Uw/vLuy6gQe8cfaFWD7p0wVv8fJl3mbzXh33RS+0oW2wvUqiRXiQ69gLWSLpgB5/6sU+r6BlQR0MBILadqTQ=="
    },
    "node_modules/mime-db": {
      "version": "1.52.0",
      "resolved": "https://registry.npmjs.org/mime-db/-/mime-db-1.52.0.tgz",
      "integrity": "sha512-sPU4uV7dYlvtWJxwwxHD0PuihVNiE7TyAbQ5SWxDCB9mUYvOgroQOwYQQOKPJ8CIbE+1ETVlOoK1UC2nU3gYvg==",
      "engines": {
        "node": ">= 0.6"
      }
    },
    "node_modules/mime-types": {
      "version": "2.1.35",
      "resolved": "https://registry.npmjs.org/mime-types/-/mime-types-2.1.35.tgz",
      "integrity": "sha512-ZDY+bPm5zTTF+YpCrAU9nK0UgICYPT0QtT1NZWFv4s++TNkcgVaT0g6+4R2uI4MjQjzysHB1zxuWL50hzaeXiw==",
      "dependencies": {
        "mime-db": "1.52.0"
      },
      "engines": {
        "node": ">= 0.6"
      }
    },
    "node_modules/parse-markdown-table": {
      "version": "0.0.6",
      "resolved": "https://registry.npmjs.org/parse-markdown-table/-/parse-markdown-table-0.0.6.tgz",
      "integrity": "sha512-x0j5JB8qrLa4tBsW9RU4F3ZPPBXMs6fccH7jgLXQhAZrptvv5DaJXtmpKKkZvZYyRAXF6HI83fGUp3RND65Wkg==",
      "dependencies": {
        "@types/node": "^14.6.0",
        "string-stream-utils": "^0.0.4",
        "table-parser-base": "^0.0.5",
        "tslib": "^2.0.1"
      }
    },
    "node_modules/proxy-from-env": {
      "version": "1.1.0",
      "resolved": "https://registry.npmjs.org/proxy-from-env/-/proxy-from-env-1.1.0.tgz",
      "integrity": "sha512-D+zkORCbA9f1tdWRK0RaCR3GPv50cMxcrz4X8k5LTSUD1Dkw47mKJEZQNunItRTkWwgtaUSo1RVFRIG9ZXiFYg=="
    },
    "node_modules/regenerator-runtime": {
      "version": "0.13.11",
      "resolved": "https://registry.npmjs.org/regenerator-runtime/-/regenerator-runtime-0.13.11.tgz",
      "integrity": "sha512-kY1AZVr2Ra+t+piVaJ4gxaFaReZVH40AKNo7UCX6W+dEwBo/2oZJzqfuN1qLq1oL45o56cPaTXELwrTh8Fpggg=="
    },
    "node_modules/string-stream-utils": {
      "version": "0.0.4",
      "resolved": "https://registry.npmjs.org/string-stream-utils/-/string-stream-utils-0.0.4.tgz",
      "integrity": "sha512-G3lY8tnUvOlefwxMZRjk6grELUfyvUwejx4v0AMY6medG+flO+XmpKlRJwgSDsYugezgVCzX/8mqpLl5fC7MpQ==",
      "dependencies": {
        "@types/node": "^14.6.0",
        "tslib": "^2.0.1"
      }
    },
    "node_modules/table-parser-base": {
      "version": "0.0.5",
      "resolved": "https://registry.npmjs.org/table-parser-base/-/table-parser-base-0.0.5.tgz",
      "integrity": "sha512-f3+/0kdrIVLY1E+TO2cTCuWiOWKTm4GMtCHyVsQutpSHobYYedQu+PTVwT08FOmOglWMvP0NFN+WISdYDAb2Lg==",
      "dependencies": {
        "@types/node": "^14.6.0",
        "advanced-map-initialized": "^0.0.4",
        "iter-tools": "^6.2.6",
        "tslib": "^2.0.1"
      }
    },
    "node_modules/tslib": {
      "version": "2.5.0",
      "resolved": "https://registry.npmjs.org/tslib/-/tslib-2.5.0.tgz",
      "integrity": "sha512-336iVw3rtn2BUK7ORdIAHTyxHGRIHVReokCR3XjbckJMK7ms8FysBfhLR8IXnAgy7T0PTPNBWKiH514FOW/WSg=="
    },
    "node_modules/typescript-compare": {
      "version": "0.0.2",
      "resolved": "https://registry.npmjs.org/typescript-compare/-/typescript-compare-0.0.2.tgz",
      "integrity": "sha512-8ja4j7pMHkfLJQO2/8tut7ub+J3Lw2S3061eJLFQcvs3tsmJKp8KG5NtpLn7KcY2w08edF74BSVN7qJS0U6oHA==",
      "dependencies": {
        "typescript-logic": "^0.0.0"
      }
    },
    "node_modules/typescript-logic": {
      "version": "0.0.0",
      "resolved": "https://registry.npmjs.org/typescript-logic/-/typescript-logic-0.0.0.tgz",
      "integrity": "sha512-zXFars5LUkI3zP492ls0VskH3TtdeHCqu0i7/duGt60i5IGPIpAHE/DWo5FqJ6EjQ15YKXrt+AETjv60Dat34Q=="
    },
    "node_modules/typescript-miscellaneous": {
      "version": "0.1.1",
      "resolved": "https://registry.npmjs.org/typescript-miscellaneous/-/typescript-miscellaneous-0.1.1.tgz",
      "integrity": "sha512-dyGMilZPOL/qQMlJSWK+SbQyJpf6YZZPmPrbbdHGkAvGUvlhv4kGKTgddXWLxFWHTirR2I0VfD8mSwia3WLGtA==",
      "dependencies": {
        "@types/node": "^10.11.3",
        "tslib": "^1.9.3"
      },
      "engines": {
        "node": ">= 8.9.0",
        "typescript": ">= 3.0.0"
      }
    },
    "node_modules/typescript-miscellaneous/node_modules/@types/node": {
      "version": "10.17.60",
      "resolved": "https://registry.npmjs.org/@types/node/-/node-10.17.60.tgz",
      "integrity": "sha512-F0KIgDJfy2nA3zMLmWGKxcH2ZVEtCZXHHdOQs2gSaQ27+lNeEfGxzkIw90aXswATX7AZ33tahPbzy6KAfUreVw=="
    },
    "node_modules/typescript-miscellaneous/node_modules/tslib": {
      "version": "1.14.1",
      "resolved": "https://registry.npmjs.org/tslib/-/tslib-1.14.1.tgz",
      "integrity": "sha512-Xni35NKzjgMrwevysHTCArtLDpPvye8zV/0E4EyYn43P7/7qvQwPh9BGkHewbMulVntbigmcT7rdX3BNo9wRJg=="
    },
    "node_modules/typescript-tuple": {
      "version": "2.2.1",
      "resolved": "https://registry.npmjs.org/typescript-tuple/-/typescript-tuple-2.2.1.tgz",
      "integrity": "sha512-Zcr0lbt8z5ZdEzERHAMAniTiIKerFCMgd7yjq1fPnDJ43et/k9twIFQMUYff9k5oXcsQ0WpvFcgzK2ZKASoW6Q==",
      "dependencies": {
        "typescript-compare": "^0.0.2"
      }
    },
    "node_modules/typescript-union": {
      "version": "0.1.2",
      "resolved": "https://registry.npmjs.org/typescript-union/-/typescript-union-0.1.2.tgz",
      "integrity": "sha512-pzfdtUZ8teglF69/dllzgd6yV7ikoszPHVyOkl4WGICRhTJgCTwL3+ZnnF/hvII536VbsNMQfd9GmLBNhtsmgg==",
      "dependencies": {
        "typescript-tuple": "^2.2.1",
        "utility-types": "^3.4.1"
      }
    },
    "node_modules/utility-types": {
      "version": "3.10.0",
      "resolved": "https://registry.npmjs.org/utility-types/-/utility-types-3.10.0.tgz",
      "integrity": "sha512-O11mqxmi7wMKCo6HKFt5AhO4BwY3VV68YU07tgxfz8zJTIxr4BpsezN49Ffwy9j3ZpwwJp4fkRwjRzq3uWE6Rg==",
      "engines": {
        "node": ">= 4"
      }
    }
  },
  "dependencies": {
    "@babel/runtime": {
      "version": "7.21.0",
      "resolved": "https://registry.npmjs.org/@babel/runtime/-/runtime-7.21.0.tgz",
      "integrity": "sha512-xwII0//EObnq89Ji5AKYQaRYiW/nZ3llSv29d49IuxPhKbtJoLP+9QUUZ4nVragQVtaVGeZrpB+ZtG/Pdy/POw==",
      "requires": {
        "regenerator-runtime": "^0.13.11"
      }
    },
    "@babel/runtime-corejs2": {
      "version": "7.21.0",
      "resolved": "https://registry.npmjs.org/@babel/runtime-corejs2/-/runtime-corejs2-7.21.0.tgz",
      "integrity": "sha512-hVFDLYkuthnvQwWoOniPSq+RWyQTiimVdMXQJujoiSX8maFh/62+qRImGkRpeRflsVXXSMFS4HgNe3X9fuw5ww==",
      "requires": {
        "core-js": "^2.6.12",
        "regenerator-runtime": "^0.13.11"
      }
    },
    "@json2csv/formatters": {
      "version": "6.1.2",
      "resolved": "https://registry.npmjs.org/@json2csv/formatters/-/formatters-6.1.2.tgz",
      "integrity": "sha512-l8i5EdQvHZHrtSgRFEXMkRnIn8CBopT/ecZSIyPKuee9+pm/Sxcb/r/N2jQWARnOQc7uyqQWAtpPpxU7HhZ2tg=="
    },
    "@json2csv/plainjs": {
      "version": "6.1.2",
      "resolved": "https://registry.npmjs.org/@json2csv/plainjs/-/plainjs-6.1.2.tgz",
      "integrity": "sha512-XNcBd6W4G5mlP6ZL13idEx21diQAM5AJgIe78RxRfZctWRppaZrtpiGTzhc/sNv7UM1FpfO/aa5wel4+aQW7MQ==",
      "requires": {
        "@json2csv/formatters": "^6.1.2",
        "@streamparser/json": "^0.0.10",
        "lodash.get": "^4.4.2"
      }
    },
    "@streamparser/json": {
      "version": "0.0.10",
      "resolved": "https://registry.npmjs.org/@streamparser/json/-/json-0.0.10.tgz",
      "integrity": "sha512-juqNFdqqmY/nvsODq1Vba7PWIaqr01VcqICIrxbws97QKSQhQUMml8FqdHLmevwVpqH39H5mVXKFWiWCi1ke0w=="
    },
    "@types/node": {
      "version": "14.18.37",
      "resolved": "https://registry.npmjs.org/@types/node/-/node-14.18.37.tgz",
      "integrity": "sha512-7GgtHCs/QZrBrDzgIJnQtuSvhFSwhyYSI2uafSwZoNt1iOGhEN5fwNrQMjtONyHm9+/LoA4453jH0CMYcr06Pg=="
    },
    "advanced-map-base": {
      "version": "0.0.4",
      "resolved": "https://registry.npmjs.org/advanced-map-base/-/advanced-map-base-0.0.4.tgz",
      "integrity": "sha512-auTlMKEPMll9I6InsV7XNbDRfTra8u9kBd73/rSe0VuzYFFyAU5mb41wpV8Urs/1CYb+ysE+FetN6zRxfhC0EQ==",
      "requires": {
        "@types/node": "^13.1.6",
        "advanced-map-types": "^0.0.4",
        "tslib": "^1.10.0",
        "typescript-miscellaneous": "^0.1.1"
      },
      "dependencies": {
        "@types/node": {
          "version": "13.13.52",
          "resolved": "https://registry.npmjs.org/@types/node/-/node-13.13.52.tgz",
          "integrity": "sha512-s3nugnZumCC//n4moGGe6tkNMyYEdaDBitVjwPxXmR5lnMG5dHePinH2EdxkG3Rh1ghFHHixAG4NJhpJW1rthQ=="
        },
        "tslib": {
          "version": "1.14.1",
          "resolved": "https://registry.npmjs.org/tslib/-/tslib-1.14.1.tgz",
          "integrity": "sha512-Xni35NKzjgMrwevysHTCArtLDpPvye8zV/0E4EyYn43P7/7qvQwPh9BGkHewbMulVntbigmcT7rdX3BNo9wRJg=="
        }
      }
    },
    "advanced-map-initialized": {
      "version": "0.0.4",
      "resolved": "https://registry.npmjs.org/advanced-map-initialized/-/advanced-map-initialized-0.0.4.tgz",
      "integrity": "sha512-mvPQ6Q1ZwUZ3Uwseh/8jog/PC2E6OmmpUYir5+eGkBw0eoMYAF880qYL1NTIS9k5jW1NExyV2ADoqVLzZ4pePA==",
      "requires": {
        "@types/node": "^13.1.6",
        "advanced-map-base": "^0.0.4",
        "advanced-map-types": "^0.0.4",
        "tslib": "^1.10.0"
      },
      "dependencies": {
        "@types/node": {
          "version": "13.13.52",
          "resolved": "https://registry.npmjs.org/@types/node/-/node-13.13.52.tgz",
          "integrity": "sha512-s3nugnZumCC//n4moGGe6tkNMyYEdaDBitVjwPxXmR5lnMG5dHePinH2EdxkG3Rh1ghFHHixAG4NJhpJW1rthQ=="
        },
        "tslib": {
          "version": "1.14.1",
          "resolved": "https://registry.npmjs.org/tslib/-/tslib-1.14.1.tgz",
          "integrity": "sha512-Xni35NKzjgMrwevysHTCArtLDpPvye8zV/0E4EyYn43P7/7qvQwPh9BGkHewbMulVntbigmcT7rdX3BNo9wRJg=="
        }
      }
    },
    "advanced-map-types": {
      "version": "0.0.4",
      "resolved": "https://registry.npmjs.org/advanced-map-types/-/advanced-map-types-0.0.4.tgz",
      "integrity": "sha512-1z2ags9Y3SbsvRBsANA60J8HGfWeEOnrFwavN72EIQVCt/iFB6fujjvf8dwER7Xpo7tttPfxWxnLnvCiFHU7hA==",
      "requires": {
        "@types/node": "^13.1.6",
        "tslib": "^1.10.0",
        "typescript-miscellaneous": "^0.1.1"
      },
      "dependencies": {
        "@types/node": {
          "version": "13.13.52",
          "resolved": "https://registry.npmjs.org/@types/node/-/node-13.13.52.tgz",
          "integrity": "sha512-s3nugnZumCC//n4moGGe6tkNMyYEdaDBitVjwPxXmR5lnMG5dHePinH2EdxkG3Rh1ghFHHixAG4NJhpJW1rthQ=="
        },
        "tslib": {
          "version": "1.14.1",
          "resolved": "https://registry.npmjs.org/tslib/-/tslib-1.14.1.tgz",
          "integrity": "sha512-Xni35NKzjgMrwevysHTCArtLDpPvye8zV/0E4EyYn43P7/7qvQwPh9BGkHewbMulVntbigmcT7rdX3BNo9wRJg=="
        }
      }
    },
    "asynckit": {
      "version": "0.4.0",
      "resolved": "https://registry.npmjs.org/asynckit/-/asynckit-0.4.0.tgz",
      "integrity": "sha512-Oei9OH4tRh0YqU3GxhX79dM/mwVgvbZJaSNaRk+bshkj0S5cfHcgYakreBjrHwatXKbz+IoIdYLxrKim2MjW0Q=="
    },
    "axios": {
      "version": "1.3.4",
      "resolved": "https://registry.npmjs.org/axios/-/axios-1.3.4.tgz",
      "integrity": "sha512-toYm+Bsyl6VC5wSkfkbbNB6ROv7KY93PEBBL6xyDczaIHasAiv4wPqQ/c4RjoQzipxRD2W5g21cOqQulZ7rHwQ==",
      "requires": {
        "follow-redirects": "^1.15.0",
        "form-data": "^4.0.0",
        "proxy-from-env": "^1.1.0"
      }
    },
    "combined-stream": {
      "version": "1.0.8",
      "resolved": "https://registry.npmjs.org/combined-stream/-/combined-stream-1.0.8.tgz",
      "integrity": "sha512-FQN4MRfuJeHf7cBbBMJFXhKSDq+2kAArBlmRBvcvFE5BB1HZKXtSFASDhdlz9zOYwxh8lDdnvmMOe/+5cdoEdg==",
      "requires": {
        "delayed-stream": "~1.0.0"
      }
    },
    "core-js": {
      "version": "2.6.12",
      "resolved": "https://registry.npmjs.org/core-js/-/core-js-2.6.12.tgz",
      "integrity": "sha512-Kb2wC0fvsWfQrgk8HU5lW6U/Lcs8+9aaYcy4ZFc6DDlo4nZ7n70dEgE5rtR0oG6ufKDUnrwfWL1mXR5ljDatrQ=="
    },
    "csv-parse": {
      "version": "5.3.5",
      "resolved": "https://registry.npmjs.org/csv-parse/-/csv-parse-5.3.5.tgz",
      "integrity": "sha512-8O5KTIRtwmtD3+EVfW6BCgbwZqJbhTYsQZry12F1TP5RUp0sD9tp1UnCWic3n0mLOhzeocYaCZNYxOGSg3dmmQ=="
    },
    "delayed-stream": {
      "version": "1.0.0",
      "resolved": "https://registry.npmjs.org/delayed-stream/-/delayed-stream-1.0.0.tgz",
      "integrity": "sha512-ZySD7Nf91aLB0RxL4KGrKHBXl7Eds1DAmEdcoVawXnLD7SDhpNgtuII2aAkg7a7QS41jxPSZ17p4VdGnMHk3MQ=="
    },
    "dequeue": {
      "version": "1.0.5",
      "resolved": "https://registry.npmjs.org/dequeue/-/dequeue-1.0.5.tgz",
      "integrity": "sha512-2FIVJZTaWhUj0Y2uKmDAasTP6ZwFWRjkRc01MYN5jFm96iIzkYyNzGADfJ13C5W7CTN7XO9mBYDcVB68eNybBA=="
    },
    "follow-redirects": {
      "version": "1.15.2",
      "resolved": "https://registry.npmjs.org/follow-redirects/-/follow-redirects-1.15.2.tgz",
      "integrity": "sha512-VQLG33o04KaQ8uYi2tVNbdrWp1QWxNNea+nmIB4EVM28v0hmP17z7aG1+wAkNzVq4KeXTq3221ye5qTJP91JwA=="
    },
    "form-data": {
      "version": "4.0.0",
      "resolved": "https://registry.npmjs.org/form-data/-/form-data-4.0.0.tgz",
      "integrity": "sha512-ETEklSGi5t0QMZuiXoA/Q6vcnxcLQP5vdugSpuAyi6SVGi2clPPp+xgEhuMaHC+zGgn31Kd235W35f7Hykkaww==",
      "requires": {
        "asynckit": "^0.4.0",
        "combined-stream": "^1.0.8",
        "mime-types": "^2.1.12"
      }
    },
    "iter-tools": {
      "version": "6.2.6",
      "resolved": "https://registry.npmjs.org/iter-tools/-/iter-tools-6.2.6.tgz",
      "integrity": "sha512-DlBSv7cIrM214wYFxyz4vg98BmEpxFTGx37ei/ktYT05shJHoDwz7wuaPx3XhaJi1uGEc5bM+vUBWhm3z6yNIg==",
      "requires": {
        "@babel/runtime": "^7.0.0",
        "@babel/runtime-corejs2": "^7.1.5",
        "dequeue": "^1.0.5",
        "little-ds-toolkit": "^1.1.0",
        "typescript-tuple": "^2.1.0",
        "typescript-union": "^0.1.0",
        "utility-types": "^3.2.1"
      }
    },
    "little-ds-toolkit": {
      "version": "1.1.1",
      "resolved": "https://registry.npmjs.org/little-ds-toolkit/-/little-ds-toolkit-1.1.1.tgz",
      "integrity": "sha512-Zl5flhnd5W6nhRCyoL1bNlU8M5CWFp6SItMmK4pj39LKgzQD7LGg591OJ0jwDKat7mjHvJVkOyJT+BXOQH4iXw=="
    },
    "lodash.get": {
      "version": "4.4.2",
      "resolved": "https://registry.npmjs.org/lodash.get/-/lodash.get-4.4.2.tgz",
      "integrity": "sha512-z+Uw/vLuy6gQe8cfaFWD7p0wVv8fJl3mbzXh33RS+0oW2wvUqiRXiQ69gLWSLpgB5/6sU+r6BlQR0MBILadqTQ=="
    },
    "mime-db": {
      "version": "1.52.0",
      "resolved": "https://registry.npmjs.org/mime-db/-/mime-db-1.52.0.tgz",
      "integrity": "sha512-sPU4uV7dYlvtWJxwwxHD0PuihVNiE7TyAbQ5SWxDCB9mUYvOgroQOwYQQOKPJ8CIbE+1ETVlOoK1UC2nU3gYvg=="
    },
    "mime-types": {
      "version": "2.1.35",
      "resolved": "https://registry.npmjs.org/mime-types/-/mime-types-2.1.35.tgz",
      "integrity": "sha512-ZDY+bPm5zTTF+YpCrAU9nK0UgICYPT0QtT1NZWFv4s++TNkcgVaT0g6+4R2uI4MjQjzysHB1zxuWL50hzaeXiw==",
      "requires": {
        "mime-db": "1.52.0"
      }
    },
    "parse-markdown-table": {
      "version": "0.0.6",
      "resolved": "https://registry.npmjs.org/parse-markdown-table/-/parse-markdown-table-0.0.6.tgz",
      "integrity": "sha512-x0j5JB8qrLa4tBsW9RU4F3ZPPBXMs6fccH7jgLXQhAZrptvv5DaJXtmpKKkZvZYyRAXF6HI83fGUp3RND65Wkg==",
      "requires": {
        "@types/node": "^14.6.0",
        "string-stream-utils": "^0.0.4",
        "table-parser-base": "^0.0.5",
        "tslib": "^2.0.1"
      }
    },
    "proxy-from-env": {
      "version": "1.1.0",
      "resolved": "https://registry.npmjs.org/proxy-from-env/-/proxy-from-env-1.1.0.tgz",
      "integrity": "sha512-D+zkORCbA9f1tdWRK0RaCR3GPv50cMxcrz4X8k5LTSUD1Dkw47mKJEZQNunItRTkWwgtaUSo1RVFRIG9ZXiFYg=="
    },
    "regenerator-runtime": {
      "version": "0.13.11",
      "resolved": "https://registry.npmjs.org/regenerator-runtime/-/regenerator-runtime-0.13.11.tgz",
      "integrity": "sha512-kY1AZVr2Ra+t+piVaJ4gxaFaReZVH40AKNo7UCX6W+dEwBo/2oZJzqfuN1qLq1oL45o56cPaTXELwrTh8Fpggg=="
    },
    "string-stream-utils": {
      "version": "0.0.4",
      "resolved": "https://registry.npmjs.org/string-stream-utils/-/string-stream-utils-0.0.4.tgz",
      "integrity": "sha512-G3lY8tnUvOlefwxMZRjk6grELUfyvUwejx4v0AMY6medG+flO+XmpKlRJwgSDsYugezgVCzX/8mqpLl5fC7MpQ==",
      "requires": {
        "@types/node": "^14.6.0",
        "tslib": "^2.0.1"
      }
    },
    "table-parser-base": {
      "version": "0.0.5",
      "resolved": "https://registry.npmjs.org/table-parser-base/-/table-parser-base-0.0.5.tgz",
      "integrity": "sha512-f3+/0kdrIVLY1E+TO2cTCuWiOWKTm4GMtCHyVsQutpSHobYYedQu+PTVwT08FOmOglWMvP0NFN+WISdYDAb2Lg==",
      "requires": {
        "@types/node": "^14.6.0",
        "advanced-map-initialized": "^0.0.4",
        "iter-tools": "^6.2.6",
        "tslib": "^2.0.1"
      }
    },
    "tslib": {
      "version": "2.5.0",
      "resolved": "https://registry.npmjs.org/tslib/-/tslib-2.5.0.tgz",
      "integrity": "sha512-336iVw3rtn2BUK7ORdIAHTyxHGRIHVReokCR3XjbckJMK7ms8FysBfhLR8IXnAgy7T0PTPNBWKiH514FOW/WSg=="
    },
    "typescript-compare": {
      "version": "0.0.2",
      "resolved": "https://registry.npmjs.org/typescript-compare/-/typescript-compare-0.0.2.tgz",
      "integrity": "sha512-8ja4j7pMHkfLJQO2/8tut7ub+J3Lw2S3061eJLFQcvs3tsmJKp8KG5NtpLn7KcY2w08edF74BSVN7qJS0U6oHA==",
      "requires": {
        "typescript-logic": "^0.0.0"
      }
    },
    "typescript-logic": {
      "version": "0.0.0",
      "resolved": "https://registry.npmjs.org/typescript-logic/-/typescript-logic-0.0.0.tgz",
      "integrity": "sha512-zXFars5LUkI3zP492ls0VskH3TtdeHCqu0i7/duGt60i5IGPIpAHE/DWo5FqJ6EjQ15YKXrt+AETjv60Dat34Q=="
    },
    "typescript-miscellaneous": {
      "version": "0.1.1",
      "resolved": "https://registry.npmjs.org/typescript-miscellaneous/-/typescript-miscellaneous-0.1.1.tgz",
      "integrity": "sha512-dyGMilZPOL/qQMlJSWK+SbQyJpf6YZZPmPrbbdHGkAvGUvlhv4kGKTgddXWLxFWHTirR2I0VfD8mSwia3WLGtA==",
      "requires": {
        "@types/node": "^10.11.3",
        "tslib": "^1.9.3"
      },
      "dependencies": {
        "@types/node": {
          "version": "10.17.60",
          "resolved": "https://registry.npmjs.org/@types/node/-/node-10.17.60.tgz",
          "integrity": "sha512-F0KIgDJfy2nA3zMLmWGKxcH2ZVEtCZXHHdOQs2gSaQ27+lNeEfGxzkIw90aXswATX7AZ33tahPbzy6KAfUreVw=="
        },
        "tslib": {
          "version": "1.14.1",
          "resolved": "https://registry.npmjs.org/tslib/-/tslib-1.14.1.tgz",
          "integrity": "sha512-Xni35NKzjgMrwevysHTCArtLDpPvye8zV/0E4EyYn43P7/7qvQwPh9BGkHewbMulVntbigmcT7rdX3BNo9wRJg=="
        }
      }
    },
    "typescript-tuple": {
      "version": "2.2.1",
      "resolved": "https://registry.npmjs.org/typescript-tuple/-/typescript-tuple-2.2.1.tgz",
      "integrity": "sha512-Zcr0lbt8z5ZdEzERHAMAniTiIKerFCMgd7yjq1fPnDJ43et/k9twIFQMUYff9k5oXcsQ0WpvFcgzK2ZKASoW6Q==",
      "requires": {
        "typescript-compare": "^0.0.2"
      }
    },
    "typescript-union": {
      "version": "0.1.2",
      "resolved": "https://registry.npmjs.org/typescript-union/-/typescript-union-0.1.2.tgz",
      "integrity": "sha512-pzfdtUZ8teglF69/dllzgd6yV7ikoszPHVyOkl4WGICRhTJgCTwL3+ZnnF/hvII536VbsNMQfd9GmLBNhtsmgg==",
      "requires": {
        "typescript-tuple": "^2.2.1",
        "utility-types": "^3.4.1"
      }
    },
    "utility-types": {
      "version": "3.10.0",
      "resolved": "https://registry.npmjs.org/utility-types/-/utility-types-3.10.0.tgz",
      "integrity": "sha512-O11mqxmi7wMKCo6HKFt5AhO4BwY3VV68YU07tgxfz8zJTIxr4BpsezN49Ffwy9j3ZpwwJp4fkRwjRzq3uWE6Rg=="
    }
  }
}
